
Microsoft Visual Studio Solution File, Format Version 12.00
# Visual Studio Version 17
VisualStudioVersion = 17.1.32328.378
MinimumVisualStudioVersion = 10.0.40219.1
Project("{FAE04EC0-301F-11D3-BF4B-00C04F79EFBC}") = "Console.SOLID", "Console.SOLID\Console.SOLID.csproj", "{F7001CDE-5D29-466E-B851-6370B9506035}"
EndProject
Global
	GlobalSection(SolutionConfigurationPlatforms) = preSolution
		Debug|Any CPU = Debug|Any CPU
		Release|Any CPU = Release|Any CPU
	EndGlobalSection
	GlobalSection(ProjectConfigurationPlatforms) = postSolution
		{F7001CDE-5D29-466E-B851-6370B9506035}.Debug|Any CPU.ActiveCfg = Debug|Any CPU
		{F7001CDE-5D29-466E-B851-6370B9506035}.Debug|Any CPU.Build.0 = Debug|Any CPU
		{F7001CDE-5D29-466E-B851-6370B9506035}.Release|Any CPU.ActiveCfg = Release|Any CPU
		{F7001CDE-5D29-466E-B851-6370B9506035}.Release|Any CPU.Build.0 = Release|Any CPU
	EndGlobalSection
	GlobalSection(SolutionProperties) = preSolution
		HideSolutionNode = FALSE
	EndGlobalSection
	GlobalSection(ExtensibilityGlobals) = postSolution
		SolutionGuid = {B2CE1A70-1A24-4AAE-AE98-E05D37318B04}
	EndGlobalSection
EndGlobal
